
Microsoft Visual Studio Solution File, Format Version 12.00
# Visual Studio Version 17
VisualStudioVersion = 17.3.32819.101
MinimumVisualStudioVersion = 10.0.40219.1
Project("{8BC9CEB8-8B4A-11D0-8D11-00A0C91BC942}") = "Shooting", "Shooting\Shooting.vcxproj", "{B51305DF-B994-4269-99E9-673764A35BDF}"
EndProject
Global
	GlobalSection(SolutionConfigurationPlatforms) = preSolution
		Debug|x64 = Debug|x64
		Release|x64 = Release|x64
	EndGlobalSection
	GlobalSection(ProjectConfigurationPlatforms) = postSolution
		{B51305DF-B994-4269-99E9-673764A35BDF}.Debug|x64.ActiveCfg = Debug|x64
		{B51305DF-B994-4269-99E9-673764A35BDF}.Debug|x64.Build.0 = Debug|x64
		{B51305DF-B994-4269-99E9-673764A35BDF}.Release|x64.ActiveCfg = Release|x64
		{B51305DF-B994-4269-99E9-673764A35BDF}.Release|x64.Build.0 = Release|x64
	EndGlobalSection
	GlobalSection(SolutionProperties) = preSolution
		HideSolutionNode = FALSE
	EndGlobalSection
	GlobalSection(ExtensibilityGlobals) = postSolution
		SolutionGuid = {3EADBF57-7175-4A96-B374-AABA7EA11EB3}
	EndGlobalSection
EndGlobal
